// !$*UTF8*$!
{
	archiveVersion = 1;
	classes = {
	};
	objectVersion = 51;
	objects = {

/* Begin PBXBuildFile section */
		5C36814F93270668847F5792 /* Pods_GenesysCloudSimpleConference.framework in Frameworks */ = {isa = PBXBuildFile; fileRef = 346C075D847E5F80E28CB035 /* Pods_GenesysCloudSimpleConference.framework */; };
		6804CCED25C87DAF00785677 /* AuviousSimpleConferenceView.swift in Sources */ = {isa = PBXBuildFile; fileRef = 6804CCEC25C87DAF00785677 /* AuviousSimpleConferenceView.swift */; };
		6804CCF625C9986000785677 /* OptionsView.swift in Sources */ = {isa = PBXBuildFile; fileRef = 6804CCF525C9986000785677 /* OptionsView.swift */; };
		6804CCFB25C9A7ED00785677 /* Options.swift in Sources */ = {isa = PBXBuildFile; fileRef = 6804CCFA25C9A7ED00785677 /* Options.swift */; };
		6804CD1625C9B9AD00785677 /* Launch Screen.storyboard in Resources */ = {isa = PBXBuildFile; fileRef = 6804CD1525C9B9AD00785677 /* Launch Screen.storyboard */; };
		68D097B525C3E203008A5D5C /* GenesysCloudSimpleConferenceApp.swift in Sources */ = {isa = PBXBuildFile; fileRef = 68D097B425C3E203008A5D5C /* GenesysCloudSimpleConferenceApp.swift */; };
		68D097B725C3E203008A5D5C /* MainView.swift in Sources */ = {isa = PBXBuildFile; fileRef = 68D097B625C3E203008A5D5C /* MainView.swift */; };
		68D097B925C3E20A008A5D5C /* Assets.xcassets in Resources */ = {isa = PBXBuildFile; fileRef = 68D097B825C3E20A008A5D5C /* Assets.xcassets */; };
		68D097BC25C3E20A008A5D5C /* Preview Assets.xcassets in Resources */ = {isa = PBXBuildFile; fileRef = 68D097BB25C3E20A008A5D5C /* Preview Assets.xcassets */; };
		68D097C625C3F3D8008A5D5C /* PermissionsManager.swift in Sources */ = {isa = PBXBuildFile; fileRef = 68D097C525C3F3D7008A5D5C /* PermissionsManager.swift */; };
		68D097D625C41174008A5D5C /* GenesysCloudGuestChatTicketProvider.swift in Sources */ = {isa = PBXBuildFile; fileRef = 68D097D525C41174008A5D5C /* GenesysCloudGuestChatTicketProvider.swift */; };
/* End PBXBuildFile section */

/* Begin PBXFileReference section */
		235E08D37487CA5D7366002F /* Pods-GenesysCloudSimpleConference.release.xcconfig */ = {isa = PBXFileReference; includeInIndex = 1; lastKnownFileType = text.xcconfig; name = "Pods-GenesysCloudSimpleConference.release.xcconfig"; path = "Target Support Files/Pods-GenesysCloudSimpleConference/Pods-GenesysCloudSimpleConference.release.xcconfig"; sourceTree = "<group>"; };
		346C075D847E5F80E28CB035 /* Pods_GenesysCloudSimpleConference.framework */ = {isa = PBXFileReference; explicitFileType = wrapper.framework; includeInIndex = 0; path = Pods_GenesysCloudSimpleConference.framework; sourceTree = BUILT_PRODUCTS_DIR; };
		6804CCEC25C87DAF00785677 /* AuviousSimpleConferenceView.swift */ = {isa = PBXFileReference; lastKnownFileType = sourcecode.swift; path = AuviousSimpleConferenceView.swift; sourceTree = "<group>"; };
		6804CCF525C9986000785677 /* OptionsView.swift */ = {isa = PBXFileReference; lastKnownFileType = sourcecode.swift; path = OptionsView.swift; sourceTree = "<group>"; };
		6804CCFA25C9A7ED00785677 /* Options.swift */ = {isa = PBXFileReference; lastKnownFileType = sourcecode.swift; path = Options.swift; sourceTree = "<group>"; };
		6804CD1525C9B9AD00785677 /* Launch Screen.storyboard */ = {isa = PBXFileReference; lastKnownFileType = file.storyboard; path = "Launch Screen.storyboard"; sourceTree = "<group>"; };
		68D097B125C3E203008A5D5C /* GenesysCloudSimpleConference.app */ = {isa = PBXFileReference; explicitFileType = wrapper.application; includeInIndex = 0; path = GenesysCloudSimpleConference.app; sourceTree = BUILT_PRODUCTS_DIR; };
		68D097B425C3E203008A5D5C /* GenesysCloudSimpleConferenceApp.swift */ = {isa = PBXFileReference; lastKnownFileType = sourcecode.swift; path = GenesysCloudSimpleConferenceApp.swift; sourceTree = "<group>"; };
		68D097B625C3E203008A5D5C /* MainView.swift */ = {isa = PBXFileReference; lastKnownFileType = sourcecode.swift; path = MainView.swift; sourceTree = "<group>"; };
		68D097B825C3E20A008A5D5C /* Assets.xcassets */ = {isa = PBXFileReference; lastKnownFileType = folder.assetcatalog; path = Assets.xcassets; sourceTree = "<group>"; };
		68D097BB25C3E20A008A5D5C /* Preview Assets.xcassets */ = {isa = PBXFileReference; lastKnownFileType = folder.assetcatalog; path = "Preview Assets.xcassets"; sourceTree = "<group>"; };
		68D097BD25C3E20A008A5D5C /* Info.plist */ = {isa = PBXFileReference; lastKnownFileType = text.plist.xml; path = Info.plist; sourceTree = "<group>"; };
		68D097C525C3F3D7008A5D5C /* PermissionsManager.swift */ = {isa = PBXFileReference; lastKnownFileType = sourcecode.swift; path = PermissionsManager.swift; sourceTree = "<group>"; };
		68D097D525C41174008A5D5C /* GenesysCloudGuestChatTicketProvider.swift */ = {isa = PBXFileReference; lastKnownFileType = sourcecode.swift; path = GenesysCloudGuestChatTicketProvider.swift; sourceTree = "<group>"; };
		C4496C1F7C0EBED10F15BFBB /* Pods-GenesysCloudSimpleConference.debug.xcconfig */ = {isa = PBXFileReference; includeInIndex = 1; lastKnownFileType = text.xcconfig; name = "Pods-GenesysCloudSimpleConference.debug.xcconfig"; path = "Target Support Files/Pods-GenesysCloudSimpleConference/Pods-GenesysCloudSimpleConference.debug.xcconfig"; sourceTree = "<group>"; };
/* End PBXFileReference section */

/* Begin PBXFrameworksBuildPhase section */
		68D097AE25C3E203008A5D5C /* Frameworks */ = {
			isa = PBXFrameworksBuildPhase;
			buildActionMask = 2147483647;
			files = (
				5C36814F93270668847F5792 /* Pods_GenesysCloudSimpleConference.framework in Frameworks */,
			);
			runOnlyForDeploymentPostprocessing = 0;
		};
/* End PBXFrameworksBuildPhase section */

/* Begin PBXGroup section */
		3610C999EAA66C50E58F48D5 /* Frameworks */ = {
			isa = PBXGroup;
			children = (
				346C075D847E5F80E28CB035 /* Pods_GenesysCloudSimpleConference.framework */,
			);
			name = Frameworks;
			sourceTree = "<group>";
		};
		68D097A825C3E203008A5D5C = {
			isa = PBXGroup;
			children = (
				68D097B325C3E203008A5D5C /* GenesysCloudSimpleConference */,
				68D097B225C3E203008A5D5C /* Products */,
				DAEE0376FF8C3C4B144E97BA /* Pods */,
				3610C999EAA66C50E58F48D5 /* Frameworks */,
			);
			sourceTree = "<group>";
		};
		68D097B225C3E203008A5D5C /* Products */ = {
			isa = PBXGroup;
			children = (
				68D097B125C3E203008A5D5C /* GenesysCloudSimpleConference.app */,
			);
			name = Products;
			sourceTree = "<group>";
		};
		68D097B325C3E203008A5D5C /* GenesysCloudSimpleConference */ = {
			isa = PBXGroup;
			children = (
				68D097B425C3E203008A5D5C /* GenesysCloudSimpleConferenceApp.swift */,
				68D097C525C3F3D7008A5D5C /* PermissionsManager.swift */,
				68D097B625C3E203008A5D5C /* MainView.swift */,
				68D097D525C41174008A5D5C /* GenesysCloudGuestChatTicketProvider.swift */,
				68D097B825C3E20A008A5D5C /* Assets.xcassets */,
				68D097BD25C3E20A008A5D5C /* Info.plist */,
				68D097BA25C3E20A008A5D5C /* Preview Content */,
				6804CCEC25C87DAF00785677 /* AuviousSimpleConferenceView.swift */,
				6804CCF525C9986000785677 /* OptionsView.swift */,
				6804CCFA25C9A7ED00785677 /* Options.swift */,
				6804CD1525C9B9AD00785677 /* Launch Screen.storyboard */,
			);
			path = GenesysCloudSimpleConference;
			sourceTree = "<group>";
		};
		68D097BA25C3E20A008A5D5C /* Preview Content */ = {
			isa = PBXGroup;
			children = (
				68D097BB25C3E20A008A5D5C /* Preview Assets.xcassets */,
			);
			path = "Preview Content";
			sourceTree = "<group>";
		};
		DAEE0376FF8C3C4B144E97BA /* Pods */ = {
			isa = PBXGroup;
			children = (
				C4496C1F7C0EBED10F15BFBB /* Pods-GenesysCloudSimpleConference.debug.xcconfig */,
				235E08D37487CA5D7366002F /* Pods-GenesysCloudSimpleConference.release.xcconfig */,
			);
			path = Pods;
			sourceTree = "<group>";
		};
/* End PBXGroup section */

/* Begin PBXNativeTarget section */
		68D097B025C3E203008A5D5C /* GenesysCloudSimpleConference */ = {
			isa = PBXNativeTarget;
			buildConfigurationList = 68D097C025C3E20A008A5D5C /* Build configuration list for PBXNativeTarget "GenesysCloudSimpleConference" */;
			buildPhases = (
				53195E3A9E73FC6486323BC2 /* [CP] Check Pods Manifest.lock */,
				68D097AD25C3E203008A5D5C /* Sources */,
				68D097AE25C3E203008A5D5C /* Frameworks */,
				68D097AF25C3E203008A5D5C /* Resources */,
				8CFBE4AB483486DFEF126C65 /* [CP] Embed Pods Frameworks */,
			);
			buildRules = (
			);
			dependencies = (
			);
			name = GenesysCloudSimpleConference;
			productName = GenesysCloudSimpleConference;
			productReference = 68D097B125C3E203008A5D5C /* GenesysCloudSimpleConference.app */;
			productType = "com.apple.product-type.application";
		};
/* End PBXNativeTarget section */

/* Begin PBXProject section */
		68D097A925C3E203008A5D5C /* Project object */ = {
			isa = PBXProject;
			attributes = {
				LastSwiftUpdateCheck = 1230;
				LastUpgradeCheck = 1230;
				TargetAttributes = {
					68D097B025C3E203008A5D5C = {
						CreatedOnToolsVersion = 12.3;
					};
				};
			};
			buildConfigurationList = 68D097AC25C3E203008A5D5C /* Build configuration list for PBXProject "GenesysCloudSimpleConference" */;
			compatibilityVersion = "Xcode 9.3";
			developmentRegion = en;
			hasScannedForEncodings = 0;
			knownRegions = (
				en,
				Base,
			);
			mainGroup = 68D097A825C3E203008A5D5C;
			productRefGroup = 68D097B225C3E203008A5D5C /* Products */;
			projectDirPath = "";
			projectRoot = "";
			targets = (
				68D097B025C3E203008A5D5C /* GenesysCloudSimpleConference */,
			);
		};
/* End PBXProject section */

/* Begin PBXResourcesBuildPhase section */
		68D097AF25C3E203008A5D5C /* Resources */ = {
			isa = PBXResourcesBuildPhase;
			buildActionMask = 2147483647;
			files = (
				6804CD1625C9B9AD00785677 /* Launch Screen.storyboard in Resources */,
				68D097BC25C3E20A008A5D5C /* Preview Assets.xcassets in Resources */,
				68D097B925C3E20A008A5D5C /* Assets.xcassets in Resources */,
			);
			runOnlyForDeploymentPostprocessing = 0;
		};
/* End PBXResourcesBuildPhase section */

/* Begin PBXShellScriptBuildPhase section */
		53195E3A9E73FC6486323BC2 /* [CP] Check Pods Manifest.lock */ = {
			isa = PBXShellScriptBuildPhase;
			buildActionMask = 2147483647;
			files = (
			);
			inputFileListPaths = (
			);
			inputPaths = (
				"${PODS_PODFILE_DIR_PATH}/Podfile.lock",
				"${PODS_ROOT}/Manifest.lock",
			);
			name = "[CP] Check Pods Manifest.lock";
			outputFileListPaths = (
			);
			outputPaths = (
				"$(DERIVED_FILE_DIR)/Pods-GenesysCloudSimpleConference-checkManifestLockResult.txt",
			);
			runOnlyForDeploymentPostprocessing = 0;
			shellPath = /bin/sh;
			shellScript = "diff \"${PODS_PODFILE_DIR_PATH}/Podfile.lock\" \"${PODS_ROOT}/Manifest.lock\" > /dev/null\nif [ $? != 0 ] ; then\n    # print error to STDERR\n    echo \"error: The sandbox is not in sync with the Podfile.lock. Run 'pod install' or update your CocoaPods installation.\" >&2\n    exit 1\nfi\n# This output is used by Xcode 'outputs' to avoid re-running this script phase.\necho \"SUCCESS\" > \"${SCRIPT_OUTPUT_FILE_0}\"\n";
			showEnvVarsInLog = 0;
		};
		8CFBE4AB483486DFEF126C65 /* [CP] Embed Pods Frameworks */ = {
			isa = PBXShellScriptBuildPhase;
			buildActionMask = 2147483647;
			files = (
			);
			inputFileListPaths = (
				"${PODS_ROOT}/Target Support Files/Pods-GenesysCloudSimpleConference/Pods-GenesysCloudSimpleConference-frameworks-${CONFIGURATION}-input-files.xcfilelist",
			);
			name = "[CP] Embed Pods Frameworks";
			outputFileListPaths = (
				"${PODS_ROOT}/Target Support Files/Pods-GenesysCloudSimpleConference/Pods-GenesysCloudSimpleConference-frameworks-${CONFIGURATION}-output-files.xcfilelist",
			);
			runOnlyForDeploymentPostprocessing = 0;
			shellPath = /bin/sh;
			shellScript = "\"${PODS_ROOT}/Target Support Files/Pods-GenesysCloudSimpleConference/Pods-GenesysCloudSimpleConference-frameworks.sh\"\n";
			showEnvVarsInLog = 0;
		};
/* End PBXShellScriptBuildPhase section */

/* Begin PBXSourcesBuildPhase section */
		68D097AD25C3E203008A5D5C /* Sources */ = {
			isa = PBXSourcesBuildPhase;
			buildActionMask = 2147483647;
			files = (
				68D097B725C3E203008A5D5C /* MainView.swift in Sources */,
				6804CCED25C87DAF00785677 /* AuviousSimpleConferenceView.swift in Sources */,
				6804CCF625C9986000785677 /* OptionsView.swift in Sources */,
				68D097B525C3E203008A5D5C /* GenesysCloudSimpleConferenceApp.swift in Sources */,
				68D097C625C3F3D8008A5D5C /* PermissionsManager.swift in Sources */,
				68D097D625C41174008A5D5C /* GenesysCloudGuestChatTicketProvider.swift in Sources */,
				6804CCFB25C9A7ED00785677 /* Options.swift in Sources */,
			);
			runOnlyForDeploymentPostprocessing = 0;
		};
/* End PBXSourcesBuildPhase section */

/* Begin XCBuildConfiguration section */
		68D097BE25C3E20A008A5D5C /* Debug */ = {
			isa = XCBuildConfiguration;
			buildSettings = {
				ALWAYS_SEARCH_USER_PATHS = NO;
				CLANG_ANALYZER_NONNULL = YES;
				CLANG_ANALYZER_NUMBER_OBJECT_CONVERSION = YES_AGGRESSIVE;
				CLANG_CXX_LANGUAGE_STANDARD = "gnu++14";
				CLANG_CXX_LIBRARY = "libc++";
				CLANG_ENABLE_MODULES = YES;
				CLANG_ENABLE_OBJC_ARC = YES;
				CLANG_ENABLE_OBJC_WEAK = YES;
				CLANG_WARN_BLOCK_CAPTURE_AUTORELEASING = YES;
				CLANG_WARN_BOOL_CONVERSION = YES;
				CLANG_WARN_COMMA = YES;
				CLANG_WARN_CONSTANT_CONVERSION = YES;
				CLANG_WARN_DEPRECATED_OBJC_IMPLEMENTATIONS = YES;
				CLANG_WARN_DIRECT_OBJC_ISA_USAGE = YES_ERROR;
				CLANG_WARN_DOCUMENTATION_COMMENTS = YES;
				CLANG_WARN_EMPTY_BODY = YES;
				CLANG_WARN_ENUM_CONVERSION = YES;
				CLANG_WARN_INFINITE_RECURSION = YES;
				CLANG_WARN_INT_CONVERSION = YES;
				CLANG_WARN_NON_LITERAL_NULL_CONVERSION = YES;
				CLANG_WARN_OBJC_IMPLICIT_RETAIN_SELF = YES;
				CLANG_WARN_OBJC_LITERAL_CONVERSION = YES;
				CLANG_WARN_OBJC_ROOT_CLASS = YES_ERROR;
				CLANG_WARN_QUOTED_INCLUDE_IN_FRAMEWORK_HEADER = YES;
				CLANG_WARN_RANGE_LOOP_ANALYSIS = YES;
				CLANG_WARN_STRICT_PROTOTYPES = YES;
				CLANG_WARN_SUSPICIOUS_MOVE = YES;
				CLANG_WARN_UNGUARDED_AVAILABILITY = YES_AGGRESSIVE;
				CLANG_WARN_UNREACHABLE_CODE = YES;
				CLANG_WARN__DUPLICATE_METHOD_MATCH = YES;
				COPY_PHASE_STRIP = NO;
				DEBUG_INFORMATION_FORMAT = dwarf;
				ENABLE_STRICT_OBJC_MSGSEND = YES;
				ENABLE_TESTABILITY = YES;
				GCC_C_LANGUAGE_STANDARD = gnu11;
				GCC_DYNAMIC_NO_PIC = NO;
				GCC_NO_COMMON_BLOCKS = YES;
				GCC_OPTIMIZATION_LEVEL = 0;
				GCC_PREPROCESSOR_DEFINITIONS = (
					"DEBUG=1",
					"$(inherited)",
				);
				GCC_WARN_64_TO_32_BIT_CONVERSION = YES;
				GCC_WARN_ABOUT_RETURN_TYPE = YES_ERROR;
				GCC_WARN_UNDECLARED_SELECTOR = YES;
				GCC_WARN_UNINITIALIZED_AUTOS = YES_AGGRESSIVE;
				GCC_WARN_UNUSED_FUNCTION = YES;
				GCC_WARN_UNUSED_VARIABLE = YES;
				IPHONEOS_DEPLOYMENT_TARGET = 14.3;
				MTL_ENABLE_DEBUG_INFO = INCLUDE_SOURCE;
				MTL_FAST_MATH = YES;
				ONLY_ACTIVE_ARCH = YES;
				SDKROOT = iphoneos;
				SWIFT_ACTIVE_COMPILATION_CONDITIONS = DEBUG;
				SWIFT_OPTIMIZATION_LEVEL = "-Onone";
			};
			name = Debug;
		};
		68D097BF25C3E20A008A5D5C /* Release */ = {
			isa = XCBuildConfiguration;
			buildSettings = {
				ALWAYS_SEARCH_USER_PATHS = NO;
				CLANG_ANALYZER_NONNULL = YES;
				CLANG_ANALYZER_NUMBER_OBJECT_CONVERSION = YES_AGGRESSIVE;
				CLANG_CXX_LANGUAGE_STANDARD = "gnu++14";
				CLANG_CXX_LIBRARY = "libc++";
				CLANG_ENABLE_MODULES = YES;
				CLANG_ENABLE_OBJC_ARC = YES;
				CLANG_ENABLE_OBJC_WEAK = YES;
				CLANG_WARN_BLOCK_CAPTURE_AUTORELEASING = YES;
				CLANG_WARN_BOOL_CONVERSION = YES;
				CLANG_WARN_COMMA = YES;
				CLANG_WARN_CONSTANT_CONVERSION = YES;
				CLANG_WARN_DEPRECATED_OBJC_IMPLEMENTATIONS = YES;
				CLANG_WARN_DIRECT_OBJC_ISA_USAGE = YES_ERROR;
				CLANG_WARN_DOCUMENTATION_COMMENTS = YES;
				CLANG_WARN_EMPTY_BODY = YES;
				CLANG_WARN_ENUM_CONVERSION = YES;
				CLANG_WARN_INFINITE_RECURSION = YES;
				CLANG_WARN_INT_CONVERSION = YES;
				CLANG_WARN_NON_LITERAL_NULL_CONVERSION = YES;
				CLANG_WARN_OBJC_IMPLICIT_RETAIN_SELF = YES;
				CLANG_WARN_OBJC_LITERAL_CONVERSION = YES;
				CLANG_WARN_OBJC_ROOT_CLASS = YES_ERROR;
				CLANG_WARN_QUOTED_INCLUDE_IN_FRAMEWORK_HEADER = YES;
				CLANG_WARN_RANGE_LOOP_ANALYSIS = YES;
				CLANG_WARN_STRICT_PROTOTYPES = YES;
				CLANG_WARN_SUSPICIOUS_MOVE = YES;
				CLANG_WARN_UNGUARDED_AVAILABILITY = YES_AGGRESSIVE;
				CLANG_WARN_UNREACHABLE_CODE = YES;
				CLANG_WARN__DUPLICATE_METHOD_MATCH = YES;
				COPY_PHASE_STRIP = NO;
				DEBUG_INFORMATION_FORMAT = "dwarf-with-dsym";
				ENABLE_NS_ASSERTIONS = NO;
				ENABLE_STRICT_OBJC_MSGSEND = YES;
				GCC_C_LANGUAGE_STANDARD = gnu11;
				GCC_NO_COMMON_BLOCKS = YES;
				GCC_WARN_64_TO_32_BIT_CONVERSION = YES;
				GCC_WARN_ABOUT_RETURN_TYPE = YES_ERROR;
				GCC_WARN_UNDECLARED_SELECTOR = YES;
				GCC_WARN_UNINITIALIZED_AUTOS = YES_AGGRESSIVE;
				GCC_WARN_UNUSED_FUNCTION = YES;
				GCC_WARN_UNUSED_VARIABLE = YES;
				IPHONEOS_DEPLOYMENT_TARGET = 14.3;
				MTL_ENABLE_DEBUG_INFO = NO;
				MTL_FAST_MATH = YES;
				SDKROOT = iphoneos;
				SWIFT_COMPILATION_MODE = wholemodule;
				SWIFT_OPTIMIZATION_LEVEL = "-O";
				VALIDATE_PRODUCT = YES;
			};
			name = Release;
		};
		68D097C125C3E20A008A5D5C /* Debug */ = {
			isa = XCBuildConfiguration;
			baseConfigurationReference = C4496C1F7C0EBED10F15BFBB /* Pods-GenesysCloudSimpleConference.debug.xcconfig */;
			buildSettings = {
				ASSETCATALOG_COMPILER_APPICON_NAME = AppIcon;
				ASSETCATALOG_COMPILER_GLOBAL_ACCENT_COLOR_NAME = AccentColor;
				CODE_SIGN_STYLE = Automatic;
				CURRENT_PROJECT_VERSION = 1.0.0;
				DEVELOPMENT_ASSET_PATHS = "\"GenesysCloudSimpleConference/Preview Content\"";
				DEVELOPMENT_TEAM = 2WYS7Y8JDD;
				ENABLE_BITCODE = NO;
				ENABLE_PREVIEWS = YES;
				INFOPLIST_FILE = GenesysCloudSimpleConference/Info.plist;
				IPHONEOS_DEPLOYMENT_TARGET = 14.0;
				LD_RUNPATH_SEARCH_PATHS = (
					"$(inherited)",
					"@executable_path/Frameworks",
				);
				MARKETING_VERSION = 1.0.0;
				PRODUCT_BUNDLE_IDENTIFIER = com.auvious.examples.GenesysCloudSimpleConference.GenesysCloudSimpleConference;
				PRODUCT_NAME = "$(TARGET_NAME)";
				SWIFT_VERSION = 5.0;
				TARGETED_DEVICE_FAMILY = "1,2";
			};
			name = Debug;
		};
		68D097C225C3E20A008A5D5C /* Release */ = {
			isa = XCBuildConfiguration;
			baseConfigurationReference = 235E08D37487CA5D7366002F /* Pods-GenesysCloudSimpleConference.release.xcconfig */;
			buildSettings = {
				ASSETCATALOG_COMPILER_APPICON_NAME = AppIcon;
				ASSETCATALOG_COMPILER_GLOBAL_ACCENT_COLOR_NAME = AccentColor;
				CODE_SIGN_STYLE = Automatic;
				CURRENT_PROJECT_VERSION = 1.0.0;
				DEVELOPMENT_ASSET_PATHS = "\"GenesysCloudSimpleConference/Preview Content\"";
				DEVELOPMENT_TEAM = 2WYS7Y8JDD;
				ENABLE_BITCODE = NO;
				ENABLE_PREVIEWS = YES;
				INFOPLIST_FILE = GenesysCloudSimpleConference/Info.plist;
				IPHONEOS_DEPLOYMENT_TARGET = 14.0;
				LD_RUNPATH_SEARCH_PATHS = (
					"$(inherited)",
					"@executable_path/Frameworks",
				);
				MARKETING_VERSION = 1.0.0;
				PRODUCT_BUNDLE_IDENTIFIER = com.auvious.examples.GenesysCloudSimpleConference.GenesysCloudSimpleConference;
				PRODUCT_NAME = "$(TARGET_NAME)";
				SWIFT_VERSION = 5.0;
				TARGETED_DEVICE_FAMILY = "1,2";
			};
			name = Release;
		};
/* End XCBuildConfiguration section */

/* Begin XCConfigurationList section */
		68D097AC25C3E203008A5D5C /* Build configuration list for PBXProject "GenesysCloudSimpleConference" */ = {
			isa = XCConfigurationList;
			buildConfigurations = (
				68D097BE25C3E20A008A5D5C /* Debug */,
				68D097BF25C3E20A008A5D5C /* Release */,
			);
			defaultConfigurationIsVisible = 0;
			defaultConfigurationName = Release;
		};
		68D097C025C3E20A008A5D5C /* Build configuration list for PBXNativeTarget "GenesysCloudSimpleConference" */ = {
			isa = XCConfigurationList;
			buildConfigurations = (
				68D097C125C3E20A008A5D5C /* Debug */,
				68D097C225C3E20A008A5D5C /* Release */,
			);
			defaultConfigurationIsVisible = 0;
			defaultConfigurationName = Release;
		};
/* End XCConfigurationList section */
	};
	rootObject = 68D097A925C3E203008A5D5C /* Project object */;
}
